github.com/AdguardTeam/golibs v0.23.2 h1:rMjYantwtQ39e8G4zBQ6ZLlm4s3XH30Bc9VxhoOHwao=
github.com/AdguardTeam/golibs v0.23.2/go.mod h1:o9i55Sx6v7qogRQeqaBfmLbC/pZqeMBWi015U5PTDY0=
github.com/Semior001/gomitmproxy v0.0.0-20240819143026-bda66568404f h1:abIxg2JMHoTiiAO588ZWdX/8AxG+MmO3ClhWGiqt0S0=
github.com/Semior001/gomitmproxy v0.0.0-20240819143026-bda66568404f/go.mod h1:VsLJ+KLT0RsFfDSGGTt5xq/9ouoEpckYEjxl7rQ/RZ0=
github.com/adrg/xdg v0.4.0 h1:RzRqFcjH4nE5C6oTAxhBtoE2IRyjBSa62SCbyPidvls=
github.com/adrg/xdg v0.4.0/go.mod h1:N6ag73EX4wyxeaoeHctc1mas01KZgsj5tYiAIwqJE/E=
github.com/davecgh/go-spew v1.1.0/go.mod h1:J7Y8YcW2NihsgmVo/mv3lAwl/skON4iLHjSsI+c5H38=
github.com/davecgh/go-spew v1.1.1 h1:vj9j/u1bqnvCEfJOwUhtlOARqs3+rkHYY13jYWTU97c=
github.com/davecgh/go-spew v1.1.1/go.mod h1:J7Y8YcW2NihsgmVo/mv3lAwl/skON4iLHjSsI+c5H38=
github.com/go-chi/cors v1.2.1 h1:xEC8UT3Rlp2QuWNEr4Fs/c2EAGVKBwy/1vHx3bppil4=
github.com/go-chi/cors v1.2.1/go.mod h1:sSbTewc+6wYHBBCW7ytsFSn836hqM7JxpglAy2Vzc58=
github.com/go-pkgz/rest v1.19.0 h1:FNMi5QX5dDIkuC+/e0r+CWsTuOTwUiWMRSA16Ou+9+A=
github.com/go-pkgz/rest v1.19.0/go.mod h1:Po+W6zQzpMPP6XDGLdAN2aW7UKk1IyrLSb48Lp1N3oQ=
github.com/hashicorp/logutils v1.0.0 h1:dLEQVugN8vlakKOUE3ihGLTZJRB4j+M2cdTm/ORI65Y=
github.com/hashicorp/logutils v1.0.0/go.mod h1:QIAnNjmIWmVIIkWDTG1z5v++HQmx9WQRO+LraFDTW64=
github.com/jessevdk/go-flags v1.5.0 h1:1jKYvbxEjfUl0fmqTCOfonvskHHXMjBySTLW4y9LFvc=
github.com/jessevdk/go-flags v1.5.0/go.mod h1:Fw0T6WPc1dYxT4mKEZRfG5kJhaTDP9pj1c2EWnYs/m4=
github.com/pkg/errors v0.9.1 h1:FEBLx1zS214owpjy7qsBeixbURkuhQAwrK5UwLGTwt4=
github.com/pkg/errors v0.9.1/go.mod h1:bwawxfHBFNV+L2hUp1rHADufV3IMtnDRdf1r5NINEl0=
github.com/pmezard/go-difflib v1.0.0 h1:4DBwDE0NGyQoBHbLQYPwSUPoCMWR5BEzIk/f1lZbAQM=
github.com/pmezard/go-difflib v1.0.0/go.mod h1:iKH77koFhYxTK1pcRnkKkqfTogsbg7gZNVY4sRDYZ/4=
github.com/stretchr/objx v0.1.0/go.mod h1:HFkY916IF+rwdDfMAkV7OtwuqBVzrE8GR6GFx+wExME=
github.com/stretchr/testify v1.7.0/go.mod h1:6Fq8oRcR53rry900zMqJjRRixrwX3KX962/h/Wwjteg=
github.com/stretchr/testify v1.9.0 h1:HtqpIVDClZ4nwg75+f6Lvsy/wHu+3BoSGCbBAcpTsTg=
github.com/stretchr/testify v1.9.0/go.mod h1:r2ic/lqez/lEtzL7wO/rwa5dbSLXVDPFyf8C91i36aY=
golang.org/x/sys v0.0.0-20210320140829-1e4c9ba3b0c4/go.mod h1:h1NjWce9XRLGQEsW7wpKNCjG9DtNlClVuFLEZdDNbEs=
golang.org/x/sys v0.0.0-20211025201205-69cdffdb9359/go.mod h1:oPkhp1MJrh7nUepCBck5+mAzfO9JrbApNNgaTdGDITg=
golang.org/x/sys v0.19.0 h1:q5f1RH2jigJ1MoAWp2KTp3gm5zAGFUTarQZ5U386+4o=
golang.org/x/sys v0.19.0/go.mod h1:/VUhepiaJMQUp4+oa/7Zr1D23ma6VTLIYjOOTFZPUcA=
golang.org/x/text v0.14.0 h1:ScX5w1eTa3QqT8oi6+ziP7dTV1S2+ALU0bI+0zXKWiQ=
golang.org/x/text v0.14.0/go.mod h1:18ZOQIKpY8NJVqYksKHtTdi31H5itFRjB5/qKTNYzSU=
gopkg.in/check.v1 v0.0.0-20161208181325-20d25e280405/go.mod h1:Co6ibVJAznAaIkqp8huTwlJQCZ016jof/cbN4VW5Yz0=
gopkg.in/natefinch/lumberjack.v2 v2.2.1 h1:bBRl1b0OH9s/DuPhuXpNl+VtCaJXFZ5/uEFST95x9zc=
gopkg.in/natefinch/lumberjack.v2 v2.2.1/go.mod h1:YD8tP3GAjkrDg1eZH7EGmyESg/lsYskCTPBJVb9jqSc=
gopkg.in/yaml.v3 v3.0.0-20200313102051-9f266ea9e77c/go.mod h1:K4uyk7z7BCEPqu6E+C64Yfv1cQ7kz7rIZviUmN+EgEM=
gopkg.in/yaml.v3 v3.0.1 h1:fxVm/GzAzEWqLHuvctI91KS9hhNmmWOoWu0XTYJS7CA=
gopkg.in/yaml.v3 v3.0.1/go.mod h1:K4uyk7z7BCEPqu6E+C64Yfv1cQ7kz7rIZviUmN+EgEM=
